// !$*UTF8*$!
{
	archiveVersion = 1;
	classes = {
	};
	objectVersion = 52;
	objects = {

/* Begin PBXBuildFile section */
		B825154024914CCB00972985 /* AppDelegate.swift in Sources */ = {isa = PBXBuildFile; fileRef = B825153F24914CCB00972985 /* AppDelegate.swift */; };
		B825154224914CCB00972985 /* ContentView.swift in Sources */ = {isa = PBXBuildFile; fileRef = B825154124914CCB00972985 /* ContentView.swift */; };
		B825154424914CCB00972985 /* Experience.rcproject in Sources */ = {isa = PBXBuildFile; fileRef = B825154324914CCB00972985 /* Experience.rcproject */; };
		B825154624914CCC00972985 /* Assets.xcassets in Resources */ = {isa = PBXBuildFile; fileRef = B825154524914CCC00972985 /* Assets.xcassets */; };
		B825154924914CCC00972985 /* Preview Assets.xcassets in Resources */ = {isa = PBXBuildFile; fileRef = B825154824914CCC00972985 /* Preview Assets.xcassets */; };
		B825154C24914CCC00972985 /* LaunchScreen.storyboard in Resources */ = {isa = PBXBuildFile; fileRef = B825154A24914CCC00972985 /* LaunchScreen.storyboard */; };
		B825156224914CCC00972985 /* TutorialUITests.swift in Sources */ = {isa = PBXBuildFile; fileRef = B825156124914CCC00972985 /* TutorialUITests.swift */; };
		B825157324914DE400972985 /* toy_biplane.usdz in Resources */ = {isa = PBXBuildFile; fileRef = B825157024914DE300972985 /* toy_biplane.usdz */; };
		B825157424914DE400972985 /* tv_retro.usdz in Resources */ = {isa = PBXBuildFile; fileRef = B825157124914DE400972985 /* tv_retro.usdz */; };
		B825157524914DE400972985 /* toy_drummer.usdz in Resources */ = {isa = PBXBuildFile; fileRef = B825157224914DE400972985 /* toy_drummer.usdz */; };
		B8251577249268D400972985 /* Model.swift in Sources */ = {isa = PBXBuildFile; fileRef = B8251576249268D400972985 /* Model.swift */; };
		B825157A2492739600972985 /* FocusEntity in Frameworks */ = {isa = PBXBuildFile; productRef = B82515792492739600972985 /* FocusEntity */; };
		B825157C249273D100972985 /* CustomARView.swift in Sources */ = {isa = PBXBuildFile; fileRef = B825157B249273D100972985 /* CustomARView.swift */; };
		B8A9F97924927CC000F62DDE /* tree.usdz in Resources */ = {isa = PBXBuildFile; fileRef = B8A9F97824927CC000F62DDE /* tree.usdz */; };
/* End PBXBuildFile section */

/* Begin PBXContainerItemProxy section */
		B825155324914CCC00972985 /* PBXContainerItemProxy */ = {
			isa = PBXContainerItemProxy;
			containerPortal = B825153424914CCB00972985 /* Project object */;
			proxyType = 1;
			remoteGlobalIDString = B825153B24914CCB00972985;
			remoteInfo = Tutorial;
		};
		B825155E24914CCC00972985 /* PBXContainerItemProxy */ = {
			isa = PBXContainerItemProxy;
			containerPortal = B825153424914CCB00972985 /* Project object */;
			proxyType = 1;
			remoteGlobalIDString = B825153B24914CCB00972985;
			remoteInfo = Tutorial;
		};
/* End PBXContainerItemProxy section */

/* Begin PBXFileReference section */
		B825153C24914CCB00972985 /* Object Placement.app */ = {isa = PBXFileReference; explicitFileType = wrapper.application; includeInIndex = 0; path = "Object Placement.app"; sourceTree = BUILT_PRODUCTS_DIR; };
		B825153F24914CCB00972985 /* AppDelegate.swift */ = {isa = PBXFileReference; lastKnownFileType = sourcecode.swift; path = AppDelegate.swift; sourceTree = "<group>"; };
		B825154124914CCB00972985 /* ContentView.swift */ = {isa = PBXFileReference; lastKnownFileType = sourcecode.swift; path = ContentView.swift; sourceTree = "<group>"; };
		B825154324914CCB00972985 /* Experience.rcproject */ = {isa = PBXFileReference; lastKnownFileType = file.rcproject; path = Experience.rcproject; sourceTree = "<group>"; };
		B825154524914CCC00972985 /* Assets.xcassets */ = {isa = PBXFileReference; lastKnownFileType = folder.assetcatalog; path = Assets.xcassets; sourceTree = "<group>"; };
		B825154824914CCC00972985 /* Preview Assets.xcassets */ = {isa = PBXFileReference; lastKnownFileType = folder.assetcatalog; path = "Preview Assets.xcassets"; sourceTree = "<group>"; };
		B825154B24914CCC00972985 /* Base */ = {isa = PBXFileReference; lastKnownFileType = file.storyboard; name = Base; path = Base.lproj/LaunchScreen.storyboard; sourceTree = "<group>"; };
		B825154D24914CCC00972985 /* Info.plist */ = {isa = PBXFileReference; lastKnownFileType = text.plist.xml; path = Info.plist; sourceTree = "<group>"; };
		B825155224914CCC00972985 /* Object PlacementTests.xctest */ = {isa = PBXFileReference; explicitFileType = wrapper.cfbundle; includeInIndex = 0; path = "Object PlacementTests.xctest"; sourceTree = BUILT_PRODUCTS_DIR; };
		B825155D24914CCC00972985 /* Object PlacementUITests.xctest */ = {isa = PBXFileReference; explicitFileType = wrapper.cfbundle; includeInIndex = 0; path = "Object PlacementUITests.xctest"; sourceTree = BUILT_PRODUCTS_DIR; };
		B825156124914CCC00972985 /* TutorialUITests.swift */ = {isa = PBXFileReference; lastKnownFileType = sourcecode.swift; path = TutorialUITests.swift; sourceTree = "<group>"; };
		B825156324914CCC00972985 /* Info.plist */ = {isa = PBXFileReference; lastKnownFileType = text.plist.xml; path = Info.plist; sourceTree = "<group>"; };
		B825157024914DE300972985 /* toy_biplane.usdz */ = {isa = PBXFileReference; lastKnownFileType = file.usdz; path = toy_biplane.usdz; sourceTree = "<group>"; };
		B825157124914DE400972985 /* tv_retro.usdz */ = {isa = PBXFileReference; lastKnownFileType = file.usdz; path = tv_retro.usdz; sourceTree = "<group>"; };
		B825157224914DE400972985 /* toy_drummer.usdz */ = {isa = PBXFileReference; lastKnownFileType = file.usdz; path = toy_drummer.usdz; sourceTree = "<group>"; };
		B8251576249268D400972985 /* Model.swift */ = {isa = PBXFileReference; lastKnownFileType = sourcecode.swift; path = Model.swift; sourceTree = "<group>"; };
		B825157B249273D100972985 /* CustomARView.swift */ = {isa = PBXFileReference; lastKnownFileType = sourcecode.swift; path = CustomARView.swift; sourceTree = "<group>"; };
		B8A9F97824927CC000F62DDE /* tree.usdz */ = {isa = PBXFileReference; lastKnownFileType = file.usdz; path = tree.usdz; sourceTree = "<group>"; };
/* End PBXFileReference section */

/* Begin PBXFrameworksBuildPhase section */
		B825153924914CCB00972985 /* Frameworks */ = {
			isa = PBXFrameworksBuildPhase;
			buildActionMask = 2147483647;
			files = (
				B825157A2492739600972985 /* FocusEntity in Frameworks */,
			);
			runOnlyForDeploymentPostprocessing = 0;
		};
		B825154F24914CCC00972985 /* Frameworks */ = {
			isa = PBXFrameworksBuildPhase;
			buildActionMask = 2147483647;
			files = (
			);
			runOnlyForDeploymentPostprocessing = 0;
		};
		B825155A24914CCC00972985 /* Frameworks */ = {
			isa = PBXFrameworksBuildPhase;
			buildActionMask = 2147483647;
			files = (
			);
			runOnlyForDeploymentPostprocessing = 0;
		};
/* End PBXFrameworksBuildPhase section */

/* Begin PBXGroup section */
		B825153324914CCB00972985 = {
			isa = PBXGroup;
			children = (
				B825153E24914CCB00972985 /* Tutorial */,
				B825156024914CCC00972985 /* TutorialUITests */,
				B825153D24914CCB00972985 /* Products */,
			);
			sourceTree = "<group>";
		};
		B825153D24914CCB00972985 /* Products */ = {
			isa = PBXGroup;
			children = (
				B825153C24914CCB00972985 /* Object Placement.app */,
				B825155224914CCC00972985 /* Object PlacementTests.xctest */,
				B825155D24914CCC00972985 /* Object PlacementUITests.xctest */,
			);
			name = Products;
			sourceTree = "<group>";
		};
		B825153E24914CCB00972985 /* Tutorial */ = {
			isa = PBXGroup;
			children = (
				B825156F24914DBD00972985 /* Models */,
				B825153F24914CCB00972985 /* AppDelegate.swift */,
				B825154124914CCB00972985 /* ContentView.swift */,
				B825154324914CCB00972985 /* Experience.rcproject */,
				B825154524914CCC00972985 /* Assets.xcassets */,
				B825154A24914CCC00972985 /* LaunchScreen.storyboard */,
				B825154D24914CCC00972985 /* Info.plist */,
				B825154724914CCC00972985 /* Preview Content */,
				B8251576249268D400972985 /* Model.swift */,
				B825157B249273D100972985 /* CustomARView.swift */,
			);
			path = Tutorial;
			sourceTree = "<group>";
		};
		B825154724914CCC00972985 /* Preview Content */ = {
			isa = PBXGroup;
			children = (
				B825154824914CCC00972985 /* Preview Assets.xcassets */,
			);
			path = "Preview Content";
			sourceTree = "<group>";
		};
		B825156024914CCC00972985 /* TutorialUITests */ = {
			isa = PBXGroup;
			children = (
				B825156124914CCC00972985 /* TutorialUITests.swift */,
				B825156324914CCC00972985 /* Info.plist */,
			);
			path = TutorialUITests;
			sourceTree = "<group>";
		};
		B825156F24914DBD00972985 /* Models */ = {
			isa = PBXGroup;
			children = (
				B8A9F97824927CC000F62DDE /* tree.usdz */,
				B825157224914DE400972985 /* toy_drummer.usdz */,
				B825157124914DE400972985 /* tv_retro.usdz */,
				B825157024914DE300972985 /* toy_biplane.usdz */,
			);
			path = Models;
			sourceTree = "<group>";
		};
/* End PBXGroup section */

/* Begin PBXNativeTarget section */
		B825153B24914CCB00972985 /* Object Placement */ = {
			isa = PBXNativeTarget;
			buildConfigurationList = B825156624914CCC00972985 /* Build configuration list for PBXNativeTarget "Object Placement" */;
			buildPhases = (
				B825153824914CCB00972985 /* Sources */,
				B825153924914CCB00972985 /* Frameworks */,
				B825153A24914CCB00972985 /* Resources */,
			);
			buildRules = (
			);
			dependencies = (
			);
			name = "Object Placement";
			packageProductDependencies = (
				B82515792492739600972985 /* FocusEntity */,
			);
			productName = Tutorial;
			productReference = B825153C24914CCB00972985 /* Object Placement.app */;
			productType = "com.apple.product-type.application";
		};
		B825155124914CCC00972985 /* Object PlacementTests */ = {
			isa = PBXNativeTarget;
			buildConfigurationList = B825156924914CCC00972985 /* Build configuration list for PBXNativeTarget "Object PlacementTests" */;
			buildPhases = (
				B825154E24914CCC00972985 /* Sources */,
				B825154F24914CCC00972985 /* Frameworks */,
				B825155024914CCC00972985 /* Resources */,
			);
			buildRules = (
			);
			dependencies = (
				B825155424914CCC00972985 /* PBXTargetDependency */,
			);
			name = "Object PlacementTests";
			productName = TutorialTests;
			productReference = B825155224914CCC00972985 /* Object PlacementTests.xctest */;
			productType = "com.apple.product-type.bundle.unit-test";
		};
		B825155C24914CCC00972985 /* Object PlacementUITests */ = {
			isa = PBXNativeTarget;
			buildConfigurationList = B825156C24914CCC00972985 /* Build configuration list for PBXNativeTarget "Object PlacementUITests" */;
			buildPhases = (
				B825155924914CCC00972985 /* Sources */,
				B825155A24914CCC00972985 /* Frameworks */,
				B825155B24914CCC00972985 /* Resources */,
			);
			buildRules = (
			);
			dependencies = (
				B825155F24914CCC00972985 /* PBXTargetDependency */,
			);
			name = "Object PlacementUITests";
			productName = TutorialUITests;
			productReference = B825155D24914CCC00972985 /* Object PlacementUITests.xctest */;
			productType = "com.apple.product-type.bundle.ui-testing";
		};
/* End PBXNativeTarget section */

/* Begin PBXProject section */
		B825153424914CCB00972985 /* Project object */ = {
			isa = PBXProject;
			attributes = {
				LastSwiftUpdateCheck = 1140;
				LastUpgradeCheck = 1140;
				ORGANIZATIONNAME = Tim;
				TargetAttributes = {
					B825153B24914CCB00972985 = {
						CreatedOnToolsVersion = 11.4.1;
					};
					B825155124914CCC00972985 = {
						CreatedOnToolsVersion = 11.4.1;
						TestTargetID = B825153B24914CCB00972985;
					};
					B825155C24914CCC00972985 = {
						CreatedOnToolsVersion = 11.4.1;
						TestTargetID = B825153B24914CCB00972985;
					};
				};
			};
			buildConfigurationList = B825153724914CCB00972985 /* Build configuration list for PBXProject "Object Placement" */;
			compatibilityVersion = "Xcode 9.3";
			developmentRegion = en;
			hasScannedForEncodings = 0;
			knownRegions = (
				en,
				Base,
			);
			mainGroup = B825153324914CCB00972985;
			packageReferences = (
				B82515782492739600972985 /* XCRemoteSwiftPackageReference "FocusEntity" */,
			);
			productRefGroup = B825153D24914CCB00972985 /* Products */;
			projectDirPath = "";
			projectRoot = "";
			targets = (
				B825153B24914CCB00972985 /* Object Placement */,
				B825155124914CCC00972985 /* Object PlacementTests */,
				B825155C24914CCC00972985 /* Object PlacementUITests */,
			);
		};
/* End PBXProject section */

/* Begin PBXResourcesBuildPhase section */
		B825153A24914CCB00972985 /* Resources */ = {
			isa = PBXResourcesBuildPhase;
			buildActionMask = 2147483647;
			files = (
				B825154C24914CCC00972985 /* LaunchScreen.storyboard in Resources */,
				B825154924914CCC00972985 /* Preview Assets.xcassets in Resources */,
				B825157324914DE400972985 /* toy_biplane.usdz in Resources */,
				B8A9F97924927CC000F62DDE /* tree.usdz in Resources */,
				B825157424914DE400972985 /* tv_retro.usdz in Resources */,
				B825154624914CCC00972985 /* Assets.xcassets in Resources */,
				B825157524914DE400972985 /* toy_drummer.usdz in Resources */,
			);
			runOnlyForDeploymentPostprocessing = 0;
		};
		B825155024914CCC00972985 /* Resources */ = {
			isa = PBXResourcesBuildPhase;
			buildActionMask = 2147483647;
			files = (
			);
			runOnlyForDeploymentPostprocessing = 0;
		};
		B825155B24914CCC00972985 /* Resources */ = {
			isa = PBXResourcesBuildPhase;
			buildActionMask = 2147483647;
			files = (
			);
			runOnlyForDeploymentPostprocessing = 0;
		};
/* End PBXResourcesBuildPhase section */

/* Begin PBXSourcesBuildPhase section */
		B825153824914CCB00972985 /* Sources */ = {
			isa = PBXSourcesBuildPhase;
			buildActionMask = 2147483647;
			files = (
				B825157C249273D100972985 /* CustomARView.swift in Sources */,
				B825154224914CCB00972985 /* ContentView.swift in Sources */,
				B825154024914CCB00972985 /* AppDelegate.swift in Sources */,
				B825154424914CCB00972985 /* Experience.rcproject in Sources */,
				B8251577249268D400972985 /* Model.swift in Sources */,
			);
			runOnlyForDeploymentPostprocessing = 0;
		};
		B825154E24914CCC00972985 /* Sources */ = {
			isa = PBXSourcesBuildPhase;
			buildActionMask = 2147483647;
			files = (
			);
			runOnlyForDeploymentPostprocessing = 0;
		};
		B825155924914CCC00972985 /* Sources */ = {
			isa = PBXSourcesBuildPhase;
			buildActionMask = 2147483647;
			files = (
				B825156224914CCC00972985 /* TutorialUITests.swift in Sources */,
			);
			runOnlyForDeploymentPostprocessing = 0;
		};
/* End PBXSourcesBuildPhase section */

/* Begin PBXTargetDependency section */
		B825155424914CCC00972985 /* PBXTargetDependency */ = {
			isa = PBXTargetDependency;
			target = B825153B24914CCB00972985 /* Object Placement */;
			targetProxy = B825155324914CCC00972985 /* PBXContainerItemProxy */;
		};
		B825155F24914CCC00972985 /* PBXTargetDependency */ = {
			isa = PBXTargetDependency;
			target = B825153B24914CCB00972985 /* Object Placement */;
			targetProxy = B825155E24914CCC00972985 /* PBXContainerItemProxy */;
		};
/* End PBXTargetDependency section */

/* Begin PBXVariantGroup section */
		B825154A24914CCC00972985 /* LaunchScreen.storyboard */ = {
			isa = PBXVariantGroup;
			children = (
				B825154B24914CCC00972985 /* Base */,
			);
			name = LaunchScreen.storyboard;
			sourceTree = "<group>";
		};
/* End PBXVariantGroup section */

/* Begin XCBuildConfiguration section */
		B825156424914CCC00972985 /* Debug */ = {
			isa = XCBuildConfiguration;
			buildSettings = {
				ALWAYS_SEARCH_USER_PATHS = NO;
				CLANG_ANALYZER_NONNULL = YES;
				CLANG_ANALYZER_NUMBER_OBJECT_CONVERSION = YES_AGGRESSIVE;
				CLANG_CXX_LANGUAGE_STANDARD = "gnu++14";
				CLANG_CXX_LIBRARY = "libc++";
				CLANG_ENABLE_MODULES = YES;
				CLANG_ENABLE_OBJC_ARC = YES;
				CLANG_ENABLE_OBJC_WEAK = YES;
				CLANG_WARN_BLOCK_CAPTURE_AUTORELEASING = YES;
				CLANG_WARN_BOOL_CONVERSION = YES;
				CLANG_WARN_COMMA = YES;
				CLANG_WARN_CONSTANT_CONVERSION = YES;
				CLANG_WARN_DEPRECATED_OBJC_IMPLEMENTATIONS = YES;
				CLANG_WARN_DIRECT_OBJC_ISA_USAGE = YES_ERROR;
				CLANG_WARN_DOCUMENTATION_COMMENTS = YES;
				CLANG_WARN_EMPTY_BODY = YES;
				CLANG_WARN_ENUM_CONVERSION = YES;
				CLANG_WARN_INFINITE_RECURSION = YES;
				CLANG_WARN_INT_CONVERSION = YES;
				CLANG_WARN_NON_LITERAL_NULL_CONVERSION = YES;
				CLANG_WARN_OBJC_IMPLICIT_RETAIN_SELF = YES;
				CLANG_WARN_OBJC_LITERAL_CONVERSION = YES;
				CLANG_WARN_OBJC_ROOT_CLASS = YES_ERROR;
				CLANG_WARN_RANGE_LOOP_ANALYSIS = YES;
				CLANG_WARN_STRICT_PROTOTYPES = YES;
				CLANG_WARN_SUSPICIOUS_MOVE = YES;
				CLANG_WARN_UNGUARDED_AVAILABILITY = YES_AGGRESSIVE;
				CLANG_WARN_UNREACHABLE_CODE = YES;
				CLANG_WARN__DUPLICATE_METHOD_MATCH = YES;
				COPY_PHASE_STRIP = NO;
				DEBUG_INFORMATION_FORMAT = dwarf;
				ENABLE_STRICT_OBJC_MSGSEND = YES;
				ENABLE_TESTABILITY = YES;
				GCC_C_LANGUAGE_STANDARD = gnu11;
				GCC_DYNAMIC_NO_PIC = NO;
				GCC_NO_COMMON_BLOCKS = YES;
				GCC_OPTIMIZATION_LEVEL = 0;
				GCC_PREPROCESSOR_DEFINITIONS = (
					"DEBUG=1",
					"$(inherited)",
				);
				GCC_WARN_64_TO_32_BIT_CONVERSION = YES;
				GCC_WARN_ABOUT_RETURN_TYPE = YES_ERROR;
				GCC_WARN_UNDECLARED_SELECTOR = YES;
				GCC_WARN_UNINITIALIZED_AUTOS = YES_AGGRESSIVE;
				GCC_WARN_UNUSED_FUNCTION = YES;
				GCC_WARN_UNUSED_VARIABLE = YES;
				IPHONEOS_DEPLOYMENT_TARGET = 13.4;
				MTL_ENABLE_DEBUG_INFO = INCLUDE_SOURCE;
				MTL_FAST_MATH = YES;
				ONLY_ACTIVE_ARCH = YES;
				SDKROOT = iphoneos;
				SWIFT_ACTIVE_COMPILATION_CONDITIONS = DEBUG;
				SWIFT_OPTIMIZATION_LEVEL = "-Onone";
			};
			name = Debug;
		};
		B825156524914CCC00972985 /* Release */ = {
			isa = XCBuildConfiguration;
			buildSettings = {
				ALWAYS_SEARCH_USER_PATHS = NO;
				CLANG_ANALYZER_NONNULL = YES;
				CLANG_ANALYZER_NUMBER_OBJECT_CONVERSION = YES_AGGRESSIVE;
				CLANG_CXX_LANGUAGE_STANDARD = "gnu++14";
				CLANG_CXX_LIBRARY = "libc++";
				CLANG_ENABLE_MODULES = YES;
				CLANG_ENABLE_OBJC_ARC = YES;
				CLANG_ENABLE_OBJC_WEAK = YES;
				CLANG_WARN_BLOCK_CAPTURE_AUTORELEASING = YES;
				CLANG_WARN_BOOL_CONVERSION = YES;
				CLANG_WARN_COMMA = YES;
				CLANG_WARN_CONSTANT_CONVERSION = YES;
				CLANG_WARN_DEPRECATED_OBJC_IMPLEMENTATIONS = YES;
				CLANG_WARN_DIRECT_OBJC_ISA_USAGE = YES_ERROR;
				CLANG_WARN_DOCUMENTATION_COMMENTS = YES;
				CLANG_WARN_EMPTY_BODY = YES;
				CLANG_WARN_ENUM_CONVERSION = YES;
				CLANG_WARN_INFINITE_RECURSION = YES;
				CLANG_WARN_INT_CONVERSION = YES;
				CLANG_WARN_NON_LITERAL_NULL_CONVERSION = YES;
				CLANG_WARN_OBJC_IMPLICIT_RETAIN_SELF = YES;
				CLANG_WARN_OBJC_LITERAL_CONVERSION = YES;
				CLANG_WARN_OBJC_ROOT_CLASS = YES_ERROR;
				CLANG_WARN_RANGE_LOOP_ANALYSIS = YES;
				CLANG_WARN_STRICT_PROTOTYPES = YES;
				CLANG_WARN_SUSPICIOUS_MOVE = YES;
				CLANG_WARN_UNGUARDED_AVAILABILITY = YES_AGGRESSIVE;
				CLANG_WARN_UNREACHABLE_CODE = YES;
				CLANG_WARN__DUPLICATE_METHOD_MATCH = YES;
				COPY_PHASE_STRIP = NO;
				DEBUG_INFORMATION_FORMAT = "dwarf-with-dsym";
				ENABLE_NS_ASSERTIONS = NO;
				ENABLE_STRICT_OBJC_MSGSEND = YES;
				GCC_C_LANGUAGE_STANDARD = gnu11;
				GCC_NO_COMMON_BLOCKS = YES;
				GCC_WARN_64_TO_32_BIT_CONVERSION = YES;
				GCC_WARN_ABOUT_RETURN_TYPE = YES_ERROR;
				GCC_WARN_UNDECLARED_SELECTOR = YES;
				GCC_WARN_UNINITIALIZED_AUTOS = YES_AGGRESSIVE;
				GCC_WARN_UNUSED_FUNCTION = YES;
				GCC_WARN_UNUSED_VARIABLE = YES;
				IPHONEOS_DEPLOYMENT_TARGET = 13.4;
				MTL_ENABLE_DEBUG_INFO = NO;
				MTL_FAST_MATH = YES;
				SDKROOT = iphoneos;
				SWIFT_COMPILATION_MODE = wholemodule;
				SWIFT_OPTIMIZATION_LEVEL = "-O";
				VALIDATE_PRODUCT = YES;
			};
			name = Release;
		};
		B825156724914CCC00972985 /* Debug */ = {
			isa = XCBuildConfiguration;
			buildSettings = {
				ASSETCATALOG_COMPILER_APPICON_NAME = AppIcon;
				CODE_SIGN_STYLE = Automatic;
				DEVELOPMENT_ASSET_PATHS = "\"Tutorial/Preview Content\"";
				DEVELOPMENT_TEAM = 6FVY28G8X9;
				ENABLE_PREVIEWS = YES;
				INFOPLIST_FILE = Tutorial/Info.plist;
				IPHONEOS_DEPLOYMENT_TARGET = 13.0;
				LD_RUNPATH_SEARCH_PATHS = (
					"$(inherited)",
					"@executable_path/Frameworks",
				);
				PRODUCT_BUNDLE_IDENTIFIER = fostemans.Tutorial;
				PRODUCT_NAME = "$(TARGET_NAME)";
				SWIFT_VERSION = 5.0;
				TARGETED_DEVICE_FAMILY = "1,2";
			};
			name = Debug;
		};
		B825156824914CCC00972985 /* Release */ = {
			isa = XCBuildConfiguration;
			buildSettings = {
				ASSETCATALOG_COMPILER_APPICON_NAME = AppIcon;
				CODE_SIGN_STYLE = Automatic;
				DEVELOPMENT_ASSET_PATHS = "\"Tutorial/Preview Content\"";
				DEVELOPMENT_TEAM = 6FVY28G8X9;
				ENABLE_PREVIEWS = YES;
				INFOPLIST_FILE = Tutorial/Info.plist;
				IPHONEOS_DEPLOYMENT_TARGET = 13.0;
				LD_RUNPATH_SEARCH_PATHS = (
					"$(inherited)",
					"@executable_path/Frameworks",
				);
				PRODUCT_BUNDLE_IDENTIFIER = fostemans.Tutorial;
				PRODUCT_NAME = "$(TARGET_NAME)";
				SWIFT_VERSION = 5.0;
				TARGETED_DEVICE_FAMILY = "1,2";
			};
			name = Release;
		};
		B825156A24914CCC00972985 /* Debug */ = {
			isa = XCBuildConfiguration;
			buildSettings = {
				ALWAYS_EMBED_SWIFT_STANDARD_LIBRARIES = YES;
				BUNDLE_LOADER = "$(TEST_HOST)";
				CODE_SIGN_STYLE = Automatic;
				DEVELOPMENT_TEAM = 6FVY28G8X9;
				INFOPLIST_FILE = TutorialTests/Info.plist;
				IPHONEOS_DEPLOYMENT_TARGET = 13.4;
				LD_RUNPATH_SEARCH_PATHS = (
					"$(inherited)",
					"@executable_path/Frameworks",
					"@loader_path/Frameworks",
				);
				PRODUCT_BUNDLE_IDENTIFIER = fostemans.TutorialTests;
				PRODUCT_NAME = "$(TARGET_NAME)";
				SWIFT_VERSION = 5.0;
				TARGETED_DEVICE_FAMILY = "1,2";
				TEST_HOST = "$(BUILT_PRODUCTS_DIR)/Object Placement.app/Object Placement";
			};
			name = Debug;
		};
		B825156B24914CCC00972985 /* Release */ = {
			isa = XCBuildConfiguration;
			buildSettings = {
				ALWAYS_EMBED_SWIFT_STANDARD_LIBRARIES = YES;
				BUNDLE_LOADER = "$(TEST_HOST)";
				CODE_SIGN_STYLE = Automatic;
				DEVELOPMENT_TEAM = 6FVY28G8X9;
				INFOPLIST_FILE = TutorialTests/Info.plist;
				IPHONEOS_DEPLOYMENT_TARGET = 13.4;
				LD_RUNPATH_SEARCH_PATHS = (
					"$(inherited)",
					"@executable_path/Frameworks",
					"@loader_path/Frameworks",
				);
				PRODUCT_BUNDLE_IDENTIFIER = fostemans.TutorialTests;
				PRODUCT_NAME = "$(TARGET_NAME)";
				SWIFT_VERSION = 5.0;
				TARGETED_DEVICE_FAMILY = "1,2";
				TEST_HOST = "$(BUILT_PRODUCTS_DIR)/Object Placement.app/Object Placement";
			};
			name = Release;
		};
		B825156D24914CCC00972985 /* Debug */ = {
			isa = XCBuildConfiguration;
			buildSettings = {
				ALWAYS_EMBED_SWIFT_STANDARD_LIBRARIES = YES;
				CODE_SIGN_STYLE = Automatic;
				DEVELOPMENT_TEAM = 6FVY28G8X9;
				INFOPLIST_FILE = TutorialUITests/Info.plist;
				LD_RUNPATH_SEARCH_PATHS = (
					"$(inherited)",
					"@executable_path/Frameworks",
					"@loader_path/Frameworks",
				);
				PRODUCT_BUNDLE_IDENTIFIER = fostemans.TutorialUITests;
				PRODUCT_NAME = "$(TARGET_NAME)";
				SWIFT_VERSION = 5.0;
				TARGETED_DEVICE_FAMILY = "1,2";
				TEST_TARGET_NAME = Tutorial;
			};
			name = Debug;
		};
		B825156E24914CCC00972985 /* Release */ = {
			isa = XCBuildConfiguration;
			buildSettings = {
				ALWAYS_EMBED_SWIFT_STANDARD_LIBRARIES = YES;
				CODE_SIGN_STYLE = Automatic;
				DEVELOPMENT_TEAM = 6FVY28G8X9;
				INFOPLIST_FILE = TutorialUITests/Info.plist;
				LD_RUNPATH_SEARCH_PATHS = (
					"$(inherited)",
					"@executable_path/Frameworks",
					"@loader_path/Frameworks",
				);
				PRODUCT_BUNDLE_IDENTIFIER = fostemans.TutorialUITests;
				PRODUCT_NAME = "$(TARGET_NAME)";
				SWIFT_VERSION = 5.0;
				TARGETED_DEVICE_FAMILY = "1,2";
				TEST_TARGET_NAME = Tutorial;
			};
			name = Release;
		};
/* End XCBuildConfiguration section */

/* Begin XCConfigurationList section */
		B825153724914CCB00972985 /* Build configuration list for PBXProject "Object Placement" */ = {
			isa = XCConfigurationList;
			buildConfigurations = (
				B825156424914CCC00972985 /* Debug */,
				B825156524914CCC00972985 /* Release */,
			);
			defaultConfigurationIsVisible = 0;
			defaultConfigurationName = Release;
		};
		B825156624914CCC00972985 /* Build configuration list for PBXNativeTarget "Object Placement" */ = {
			isa = XCConfigurationList;
			buildConfigurations = (
				B825156724914CCC00972985 /* Debug */,
				B825156824914CCC00972985 /* Release */,
			);
			defaultConfigurationIsVisible = 0;
			defaultConfigurationName = Release;
		};
		B825156924914CCC00972985 /* Build configuration list for PBXNativeTarget "Object PlacementTests" */ = {
			isa = XCConfigurationList;
			buildConfigurations = (
				B825156A24914CCC00972985 /* Debug */,
				B825156B24914CCC00972985 /* Release */,
			);
			defaultConfigurationIsVisible = 0;
			defaultConfigurationName = Release;
		};
		B825156C24914CCC00972985 /* Build configuration list for PBXNativeTarget "Object PlacementUITests" */ = {
			isa = XCConfigurationList;
			buildConfigurations = (
				B825156D24914CCC00972985 /* Debug */,
				B825156E24914CCC00972985 /* Release */,
			);
			defaultConfigurationIsVisible = 0;
			defaultConfigurationName = Release;
		};
/* End XCConfigurationList section */

/* Begin XCRemoteSwiftPackageReference section */
		B82515782492739600972985 /* XCRemoteSwiftPackageReference "FocusEntity" */ = {
			isa = XCRemoteSwiftPackageReference;
			repositoryURL = "https://github.com/maxxfrazer/FocusEntity.git";
			requirement = {
				kind = upToNextMinorVersion;
				minimumVersion = 1.1.1;
			};
		};
/* End XCRemoteSwiftPackageReference section */

/* Begin XCSwiftPackageProductDependency section */
		B82515792492739600972985 /* FocusEntity */ = {
			isa = XCSwiftPackageProductDependency;
			package = B82515782492739600972985 /* XCRemoteSwiftPackageReference "FocusEntity" */;
			productName = FocusEntity;
		};
/* End XCSwiftPackageProductDependency section */
	};
	rootObject = B825153424914CCB00972985 /* Project object */;
}
